
Microsoft Visual Studio Solution File, Format Version 12.00
# Visual Studio Version 17
VisualStudioVersion = 17.12.35527.113
MinimumVisualStudioVersion = 10.0.40219.1
Project("{FAE04EC0-301F-11D3-BF4B-00C04F79EFBC}") = "Statki.Client", "Statki.Client\Statki.Client.csproj", "{128DBE64-3B36-4B92-9116-140525B89149}"
EndProject
Project("{FAE04EC0-301F-11D3-BF4B-00C04F79EFBC}") = "Statki.Shared", "Statki.Shared\Statki.Shared.csproj", "{4C5B8BBE-6A7A-4C37-82F5-A08BA21EEBC8}"
EndProject
Project("{FAE04EC0-301F-11D3-BF4B-00C04F79EFBC}") = "Statki.Serwer", "Statki.Serwer\Statki.Serwer.csproj", "{A9E595BD-B24C-4060-9061-EBCFA149066F}"
EndProject
Global
	GlobalSection(SolutionConfigurationPlatforms) = preSolution
		Debug|Any CPU = Debug|Any CPU
		Debug|x64 = Debug|x64
		Debug|x86 = Debug|x86
		Release|Any CPU = Release|Any CPU
		Release|x64 = Release|x64
		Release|x86 = Release|x86
	EndGlobalSection
	GlobalSection(ProjectConfigurationPlatforms) = postSolution
		{128DBE64-3B36-4B92-9116-140525B89149}.Debug|Any CPU.ActiveCfg = Debug|Any CPU
		{128DBE64-3B36-4B92-9116-140525B89149}.Debug|Any CPU.Build.0 = Debug|Any CPU
		{128DBE64-3B36-4B92-9116-140525B89149}.Debug|x64.ActiveCfg = Debug|Any CPU
		{128DBE64-3B36-4B92-9116-140525B89149}.Debug|x64.Build.0 = Debug|Any CPU
		{128DBE64-3B36-4B92-9116-140525B89149}.Debug|x86.ActiveCfg = Debug|Any CPU
		{128DBE64-3B36-4B92-9116-140525B89149}.Debug|x86.Build.0 = Debug|Any CPU
		{128DBE64-3B36-4B92-9116-140525B89149}.Release|Any CPU.ActiveCfg = Release|Any CPU
		{128DBE64-3B36-4B92-9116-140525B89149}.Release|Any CPU.Build.0 = Release|Any CPU
		{128DBE64-3B36-4B92-9116-140525B89149}.Release|x64.ActiveCfg = Release|Any CPU
		{128DBE64-3B36-4B92-9116-140525B89149}.Release|x64.Build.0 = Release|Any CPU
		{128DBE64-3B36-4B92-9116-140525B89149}.Release|x86.ActiveCfg = Release|Any CPU
		{128DBE64-3B36-4B92-9116-140525B89149}.Release|x86.Build.0 = Release|Any CPU
		{4C5B8BBE-6A7A-4C37-82F5-A08BA21EEBC8}.Debug|Any CPU.ActiveCfg = Debug|Any CPU
		{4C5B8BBE-6A7A-4C37-82F5-A08BA21EEBC8}.Debug|Any CPU.Build.0 = Debug|Any CPU
		{4C5B8BBE-6A7A-4C37-82F5-A08BA21EEBC8}.Debug|x64.ActiveCfg = Debug|Any CPU
		{4C5B8BBE-6A7A-4C37-82F5-A08BA21EEBC8}.Debug|x64.Build.0 = Debug|Any CPU
		{4C5B8BBE-6A7A-4C37-82F5-A08BA21EEBC8}.Debug|x86.ActiveCfg = Debug|Any CPU
		{4C5B8BBE-6A7A-4C37-82F5-A08BA21EEBC8}.Debug|x86.Build.0 = Debug|Any CPU
		{4C5B8BBE-6A7A-4C37-82F5-A08BA21EEBC8}.Release|Any CPU.ActiveCfg = Release|Any CPU
		{4C5B8BBE-6A7A-4C37-82F5-A08BA21EEBC8}.Release|Any CPU.Build.0 = Release|Any CPU
		{4C5B8BBE-6A7A-4C37-82F5-A08BA21EEBC8}.Release|x64.ActiveCfg = Release|Any CPU
		{4C5B8BBE-6A7A-4C37-82F5-A08BA21EEBC8}.Release|x64.Build.0 = Release|Any CPU
		{4C5B8BBE-6A7A-4C37-82F5-A08BA21EEBC8}.Release|x86.ActiveCfg = Release|Any CPU
		{4C5B8BBE-6A7A-4C37-82F5-A08BA21EEBC8}.Release|x86.Build.0 = Release|Any CPU
		{A9E595BD-B24C-4060-9061-EBCFA149066F}.Debug|Any CPU.ActiveCfg = Debug|Any CPU
		{A9E595BD-B24C-4060-9061-EBCFA149066F}.Debug|Any CPU.Build.0 = Debug|Any CPU
		{A9E595BD-B24C-4060-9061-EBCFA149066F}.Debug|x64.ActiveCfg = Debug|Any CPU
		{A9E595BD-B24C-4060-9061-EBCFA149066F}.Debug|x64.Build.0 = Debug|Any CPU
		{A9E595BD-B24C-4060-9061-EBCFA149066F}.Debug|x86.ActiveCfg = Debug|Any CPU
		{A9E595BD-B24C-4060-9061-EBCFA149066F}.Debug|x86.Build.0 = Debug|Any CPU
		{A9E595BD-B24C-4060-9061-EBCFA149066F}.Release|Any CPU.ActiveCfg = Release|Any CPU
		{A9E595BD-B24C-4060-9061-EBCFA149066F}.Release|Any CPU.Build.0 = Release|Any CPU
		{A9E595BD-B24C-4060-9061-EBCFA149066F}.Release|x64.ActiveCfg = Release|Any CPU
		{A9E595BD-B24C-4060-9061-EBCFA149066F}.Release|x64.Build.0 = Release|Any CPU
		{A9E595BD-B24C-4060-9061-EBCFA149066F}.Release|x86.ActiveCfg = Release|Any CPU
		{A9E595BD-B24C-4060-9061-EBCFA149066F}.Release|x86.Build.0 = Release|Any CPU
	EndGlobalSection
	GlobalSection(SolutionProperties) = preSolution
		HideSolutionNode = FALSE
	EndGlobalSection
	GlobalSection(ExtensibilityGlobals) = postSolution
		SolutionGuid = {82D36E8A-02DA-4191-AAA3-AF4212C75E36}
	EndGlobalSection
EndGlobal
